
Microsoft Visual Studio Solution File, Format Version 12.00
# Visual Studio 14
VisualStudioVersion = 14.0.25420.1
MinimumVisualStudioVersion = 10.0.40219.1
Project("{8BC9CEB8-8B4A-11D0-8D11-00A0C91BC942}") = "hw6_problems", "hw6_problems\hw6_problems.vcxproj", "{12904885-F91C-4CDC-92FA-180FA23DA95E}"
EndProject
Project("{8BC9CEB8-8B4A-11D0-8D11-00A0C91BC942}") = "hangman", "hangman\hangman.vcxproj", "{FBB51DF9-5C10-44C8-880B-2DB52A7FA33B}"
EndProject
Global
	GlobalSection(SolutionConfigurationPlatforms) = preSolution
		Debug|x64 = Debug|x64
		Debug|x86 = Debug|x86
		Release|x64 = Release|x64
		Release|x86 = Release|x86
	EndGlobalSection
	GlobalSection(ProjectConfigurationPlatforms) = postSolution
		{12904885-F91C-4CDC-92FA-180FA23DA95E}.Debug|x64.ActiveCfg = Debug|x64
		{12904885-F91C-4CDC-92FA-180FA23DA95E}.Debug|x64.Build.0 = Debug|x64
		{12904885-F91C-4CDC-92FA-180FA23DA95E}.Debug|x86.ActiveCfg = Debug|Win32
		{12904885-F91C-4CDC-92FA-180FA23DA95E}.Debug|x86.Build.0 = Debug|Win32
		{12904885-F91C-4CDC-92FA-180FA23DA95E}.Release|x64.ActiveCfg = Release|x64
		{12904885-F91C-4CDC-92FA-180FA23DA95E}.Release|x64.Build.0 = Release|x64
		{12904885-F91C-4CDC-92FA-180FA23DA95E}.Release|x86.ActiveCfg = Release|Win32
		{12904885-F91C-4CDC-92FA-180FA23DA95E}.Release|x86.Build.0 = Release|Win32
		{FBB51DF9-5C10-44C8-880B-2DB52A7FA33B}.Debug|x64.ActiveCfg = Debug|x64
		{FBB51DF9-5C10-44C8-880B-2DB52A7FA33B}.Debug|x64.Build.0 = Debug|x64
		{FBB51DF9-5C10-44C8-880B-2DB52A7FA33B}.Debug|x86.ActiveCfg = Debug|Win32
		{FBB51DF9-5C10-44C8-880B-2DB52A7FA33B}.Debug|x86.Build.0 = Debug|Win32
		{FBB51DF9-5C10-44C8-880B-2DB52A7FA33B}.Release|x64.ActiveCfg = Release|x64
		{FBB51DF9-5C10-44C8-880B-2DB52A7FA33B}.Release|x64.Build.0 = Release|x64
		{FBB51DF9-5C10-44C8-880B-2DB52A7FA33B}.Release|x86.ActiveCfg = Release|Win32
		{FBB51DF9-5C10-44C8-880B-2DB52A7FA33B}.Release|x86.Build.0 = Release|Win32
	EndGlobalSection
	GlobalSection(SolutionProperties) = preSolution
		HideSolutionNode = FALSE
	EndGlobalSection
EndGlobal
